// !$*UTF8*$!
{
	archiveVersion = 1;
	classes = {
	};
	objectVersion = 54;
	objects = {

/* Begin PBXBuildFile section */
		00E356F31AD99517003FC87E /* MonitorTests.m in Sources */ = {isa = PBXBuildFile; fileRef = 00E356F21AD99517003FC87E /* MonitorTests.m */; };
		0C80B921A6F3F58F76C31292 /* libPods-Monitor.a in Frameworks */ = {isa = PBXBuildFile; fileRef = 5DCACB8F33CDC322A6C60F78 /* libPods-Monitor.a */; };
		13B07FBC1A68108700A75B9A /* AppDelegate.mm in Sources */ = {isa = PBXBuildFile; fileRef = 13B07FB01A68108700A75B9A /* AppDelegate.mm */; };
		13B07FC11A68108700A75B9A /* main.m in Sources */ = {isa = PBXBuildFile; fileRef = 13B07FB71A68108700A75B9A /* main.m */; };
		7699B88040F8A987B510C191 /* libPods-Monitor-MonitorTests.a in Frameworks */ = {isa = PBXBuildFile; fileRef = 19F6CBCC0A4E27FBF8BF4A61 /* libPods-Monitor-MonitorTests.a */; };
		EC4D87EE29B2C86E00CA2483 /* fontello.ttf in Resources */ = {isa = PBXBuildFile; fileRef = EC4D87ED29B2C86E00CA2483 /* fontello.ttf */; };
		EC4D87F029B2CAE600CA2483 /* fontello.ttf in Resources */ = {isa = PBXBuildFile; fileRef = EC4D87ED29B2C86E00CA2483 /* fontello.ttf */; };
		2C2AF144F6D74878B31732EB /* 8-Bit Madness.ttf in Resources */ = {isa = PBXBuildFile; fileRef = 582CA282C92B4104AD368376 /* 8-Bit Madness.ttf */; };
		43C8643BD93948899B938E17 /* BitMap.ttf in Resources */ = {isa = PBXBuildFile; fileRef = 6CEB51BC7AB04DAB9810BB29 /* BitMap.ttf */; };
		DB4B2A96910F4C67A4A03436 /* Intellecta Digital.ttf in Resources */ = {isa = PBXBuildFile; fileRef = 53C56DA06CDE44D4A1740129 /* Intellecta Digital.ttf */; };
		2EB3442FAD1445C589AB0228 /* Josefin Sans.ttf in Resources */ = {isa = PBXBuildFile; fileRef = DF2763EB6964423D9876F3F4 /* Josefin Sans.ttf */; };
		15D0EBE7565240C7838B339C /* LCDDot TR.ttf in Resources */ = {isa = PBXBuildFile; fileRef = 8E6927B0D7B84E4AA977DA8C /* LCDDot TR.ttf */; };
		3DAFA0B9E6C348099359731B /* LED Dot-Matrix.ttf in Resources */ = {isa = PBXBuildFile; fileRef = F7CBCB41B8FD4200BA7C6AB3 /* LED Dot-Matrix.ttf */; };
		3C6C07AF340242CAB8A0388A /* Open 24 Display St.ttf in Resources */ = {isa = PBXBuildFile; fileRef = CEAF464EC3A44904A3A2E5B7 /* Open 24 Display St.ttf */; };
		705C4D64E33245E8A211538F /* kg-second-chances.ketch.ttf in Resources */ = {isa = PBXBuildFile; fileRef = 6A91FFCA4851457A8DED7DD4 /* kg-second-chances.ketch.ttf */; };
		D66FDD1C263D4F93BE8E922E /* kg-second-chances.olid.ttf in Resources */ = {isa = PBXBuildFile; fileRef = 7C4B885A59AA4415A87DCB17 /* kg-second-chances.olid.ttf */; };
		3AF334D8B9DE4F829085843B /* Edge Of The Galaxy.otf in Resources */ = {isa = PBXBuildFile; fileRef = 546C5CCA15574965A4538E36 /* Edge Of The Galaxy.otf */; };
		E10E841F955B4E6DB68F8C18 /* Library 3 AM Soft.otf in Resources */ = {isa = PBXBuildFile; fileRef = 0BF561D43F634ECEBCAA3E42 /* Library 3 AM Soft.otf */; };
		031EECAE6E914BF4A2064FE2 /* Neoneon.otf in Resources */ = {isa = PBXBuildFile; fileRef = 93A42E4A175D459E96C68E11 /* Neoneon.otf */; };
		F8C495F8735E4785A5319DBB /* Siti Maesaroh.otf in Resources */ = {isa = PBXBuildFile; fileRef = AD689DF859AB4202A19C162E /* Siti Maesaroh.otf */; };
		78C86F8BAF7047F8B13943DB /* VFD Hypernova.otf in Resources */ = {isa = PBXBuildFile; fileRef = 0C6F881871384BBC984BFFF3 /* VFD Hypernova.otf */; };
		7FB01D568FDD4432845A88B3 /* Znikomitno25.otf in Resources */ = {isa = PBXBuildFile; fileRef = EB24BF55787F4F3F83952FCD /* Znikomitno25.otf */; };
		5C8067BD58754009A7B96455 /* 2Peas 4th of July.ttf in Resources */ = {isa = PBXBuildFile; fileRef = 21B4343193E345A3B81EBB63 /* 2Peas 4th of July.ttf */; };
		150D08505AD14140A16C1128 /* 3D Isometric.ttf in Resources */ = {isa = PBXBuildFile; fileRef = B93A4B8C85DE417C86B8E445 /* 3D Isometric.ttf */; };
		296F99C5540C4A9280561122 /* Amadeus.ttf in Resources */ = {isa = PBXBuildFile; fileRef = E63F87A053CE42A7A2D6AC76 /* Amadeus.ttf */; };
		8F7103EB1AAF43118D5DF323 /* AristotelianNBP.ttf in Resources */ = {isa = PBXBuildFile; fileRef = 6D0BC5BA259F4034AD134B27 /* AristotelianNBP.ttf */; };
		6940A3D403084363A9604147 /* Brewsky.ttf in Resources */ = {isa = PBXBuildFile; fileRef = 3CC8E99C7DC1436F89E38BB3 /* Brewsky.ttf */; };
		5EE4DC250C44458F8B0973FC /* Cute Aurora.ttf in Resources */ = {isa = PBXBuildFile; fileRef = 71B0426534884BE58AF457DC /* Cute Aurora.ttf */; };
		0C812816BD98483E8668B432 /* Dreamland Stars.ttf in Resources */ = {isa = PBXBuildFile; fileRef = 2EC9865D8BDE44A193FBBF94 /* Dreamland Stars.ttf */; };
		ABAF21ADBF134095A57FD75E /* Dreamland.ttf in Resources */ = {isa = PBXBuildFile; fileRef = 8B6E586E8F894FBB907F659C /* Dreamland.ttf */; };
		252D7156E13149CA98F665C9 /* E1234.ttf in Resources */ = {isa = PBXBuildFile; fileRef = EDB797C063B348E0A6D9C11F /* E1234.ttf */; };
		B7A3CDDF051E411395303E81 /* Erbos Draco 1st Open NBP.ttf in Resources */ = {isa = PBXBuildFile; fileRef = A40C4FD7585C4A4C9C8B6814 /* Erbos Draco 1st Open NBP.ttf */; };
		605D76D8F8DB451E8B491365 /* Help Me.ttf in Resources */ = {isa = PBXBuildFile; fileRef = 0A03BF934E8840EC9A078448 /* Help Me.ttf */; };
		2AD22A6F546F44A79746DAF2 /* Hexcore.ttf in Resources */ = {isa = PBXBuildFile; fileRef = E05A3D0ECDA046A1A13DB93D /* Hexcore.ttf */; };
		13E8F788BC8F46A58613E691 /* Killen.ttf in Resources */ = {isa = PBXBuildFile; fileRef = E431F117413E4643A4784F1D /* Killen.ttf */; };
		4F2829CDD9DA4D12BB948322 /* NBP Readout.ttf in Resources */ = {isa = PBXBuildFile; fileRef = 1FBAC844BC194817BCAD078E /* NBP Readout.ttf */; };
		12FE9459039048E1BBF10F37 /* Neon Sans.ttf in Resources */ = {isa = PBXBuildFile; fileRef = 394A48B20B534F9B9EEF947C /* Neon Sans.ttf */; };
		9FE3D7E4F1C849AD9C6611D4 /* New Walt Disney Ui.ttf in Resources */ = {isa = PBXBuildFile; fileRef = E4294BDD0C014695A8A3786A /* New Walt Disney Ui.ttf */; };
		D3CEDDEC9E6B4729BF09E561 /* Novem.ttf in Resources */ = {isa = PBXBuildFile; fileRef = C54E431490A34106BC28BEC7 /* Novem.ttf */; };
		A267DF70349040448DAB4644 /* Nugo Sans.ttf in Resources */ = {isa = PBXBuildFile; fileRef = E3F2BB8D941141A3A8DADD76 /* Nugo Sans.ttf */; };
		0871CD9BED6A4992A2417129 /* Parisienne.ttf in Resources */ = {isa = PBXBuildFile; fileRef = 99F3B217CE074CEB8FC744D3 /* Parisienne.ttf */; };
		448C3DC4B5054E418FAF607A /* Rock.ttf in Resources */ = {isa = PBXBuildFile; fileRef = 78BB719CFE3B44B89230B7A4 /* Rock.ttf */; };
		B98066D6A2B742BF96D1097C /* RyujinAttack.ttf in Resources */ = {isa = PBXBuildFile; fileRef = FB20462585704B16BD61850B /* RyujinAttack.ttf */; };
		9C385012467D459B87E22CAF /* Sacramento.ttf in Resources */ = {isa = PBXBuildFile; fileRef = 9525C4327ACA476A9C086E87 /* Sacramento.ttf */; };
		B1706DFE9CC9473E8C453E46 /* Star Trek Future.ttf in Resources */ = {isa = PBXBuildFile; fileRef = CA8DA56394B04DFCB8F7303C /* Star Trek Future.ttf */; };
		B4D7E63989024C1687BEFD4F /* Time Burner.ttf in Resources */ = {isa = PBXBuildFile; fileRef = EFA2683DEF1D490CB3566A65 /* Time Burner.ttf */; };
		E2C491A1A261409D8495EE60 /* Wanders.ttf in Resources */ = {isa = PBXBuildFile; fileRef = A77D1218810C4CD0B78634F1 /* Wanders.ttf */; };
		4808379E24E24195B08BC488 /* a dripping marker.ttf in Resources */ = {isa = PBXBuildFile; fileRef = 465391B569684C73BC1038CD /* a dripping marker.ttf */; };
		ED1C634750E54F689636730B /* moonhouse.ttf in Resources */ = {isa = PBXBuildFile; fileRef = 17514AC2BA8E4D97A99C62AD /* moonhouse.ttf */; };
/* End PBXBuildFile section */

/* Begin PBXContainerItemProxy section */
		00E356F41AD99517003FC87E /* PBXContainerItemProxy */ = {
			isa = PBXContainerItemProxy;
			containerPortal = 83CBB9F71A601CBA00E9B192 /* Project object */;
			proxyType = 1;
			remoteGlobalIDString = 13B07F861A680F5B00A75B9A;
			remoteInfo = Monitor;
		};
/* End PBXContainerItemProxy section */

/* Begin PBXFileReference section */
		00E356EE1AD99517003FC87E /* MonitorTests.xctest */ = {isa = PBXFileReference; explicitFileType = wrapper.cfbundle; includeInIndex = 0; path = MonitorTests.xctest; sourceTree = BUILT_PRODUCTS_DIR; };
		00E356F11AD99517003FC87E /* Info.plist */ = {isa = PBXFileReference; lastKnownFileType = text.plist.xml; path = Info.plist; sourceTree = "<group>"; };
		00E356F21AD99517003FC87E /* MonitorTests.m */ = {isa = PBXFileReference; lastKnownFileType = sourcecode.c.objc; path = MonitorTests.m; sourceTree = "<group>"; };
		13B07F961A680F5B00A75B9A /* Monitor.app */ = {isa = PBXFileReference; explicitFileType = wrapper.application; includeInIndex = 0; path = Monitor.app; sourceTree = BUILT_PRODUCTS_DIR; };
		13B07FAF1A68108700A75B9A /* AppDelegate.h */ = {isa = PBXFileReference; fileEncoding = 4; lastKnownFileType = sourcecode.c.h; name = AppDelegate.h; path = Monitor/AppDelegate.h; sourceTree = "<group>"; };
		13B07FB01A68108700A75B9A /* AppDelegate.mm */ = {isa = PBXFileReference; fileEncoding = 4; lastKnownFileType = sourcecode.cpp.objcpp; name = AppDelegate.mm; path = Monitor/AppDelegate.mm; sourceTree = "<group>"; };
		13B07FB51A68108700A75B9A /* Images.xcassets */ = {isa = PBXFileReference; lastKnownFileType = folder.assetcatalog; name = Images.xcassets; path = Monitor/Images.xcassets; sourceTree = "<group>"; };
		13B07FB61A68108700A75B9A /* Info.plist */ = {isa = PBXFileReference; fileEncoding = 4; lastKnownFileType = text.plist.xml; name = Info.plist; path = Monitor/Info.plist; sourceTree = "<group>"; };
		13B07FB71A68108700A75B9A /* main.m */ = {isa = PBXFileReference; fileEncoding = 4; lastKnownFileType = sourcecode.c.objc; name = main.m; path = Monitor/main.m; sourceTree = "<group>"; };
		19F6CBCC0A4E27FBF8BF4A61 /* libPods-Monitor-MonitorTests.a */ = {isa = PBXFileReference; explicitFileType = archive.ar; includeInIndex = 0; path = "libPods-Monitor-MonitorTests.a"; sourceTree = BUILT_PRODUCTS_DIR; };
		3B4392A12AC88292D35C810B /* Pods-Monitor.debug.xcconfig */ = {isa = PBXFileReference; includeInIndex = 1; lastKnownFileType = text.xcconfig; name = "Pods-Monitor.debug.xcconfig"; path = "Target Support Files/Pods-Monitor/Pods-Monitor.debug.xcconfig"; sourceTree = "<group>"; };
		5709B34CF0A7D63546082F79 /* Pods-Monitor.release.xcconfig */ = {isa = PBXFileReference; includeInIndex = 1; lastKnownFileType = text.xcconfig; name = "Pods-Monitor.release.xcconfig"; path = "Target Support Files/Pods-Monitor/Pods-Monitor.release.xcconfig"; sourceTree = "<group>"; };
		5B7EB9410499542E8C5724F5 /* Pods-Monitor-MonitorTests.debug.xcconfig */ = {isa = PBXFileReference; includeInIndex = 1; lastKnownFileType = text.xcconfig; name = "Pods-Monitor-MonitorTests.debug.xcconfig"; path = "Target Support Files/Pods-Monitor-MonitorTests/Pods-Monitor-MonitorTests.debug.xcconfig"; sourceTree = "<group>"; };
		5DCACB8F33CDC322A6C60F78 /* libPods-Monitor.a */ = {isa = PBXFileReference; explicitFileType = archive.ar; includeInIndex = 0; path = "libPods-Monitor.a"; sourceTree = BUILT_PRODUCTS_DIR; };
		81AB9BB72411601600AC10FF /* LaunchScreen.storyboard */ = {isa = PBXFileReference; fileEncoding = 4; lastKnownFileType = file.storyboard; name = LaunchScreen.storyboard; path = Monitor/LaunchScreen.storyboard; sourceTree = "<group>"; };
		89C6BE57DB24E9ADA2F236DE /* Pods-Monitor-MonitorTests.release.xcconfig */ = {isa = PBXFileReference; includeInIndex = 1; lastKnownFileType = text.xcconfig; name = "Pods-Monitor-MonitorTests.release.xcconfig"; path = "Target Support Files/Pods-Monitor-MonitorTests/Pods-Monitor-MonitorTests.release.xcconfig"; sourceTree = "<group>"; };
		EC4D87ED29B2C86E00CA2483 /* fontello.ttf */ = {isa = PBXFileReference; lastKnownFileType = file; name = fontello.ttf; path = ../../../assets/fonts/fontello.ttf; sourceTree = "<group>"; };
		ECF4DFB829AA77D600CF4EC1 /* Fontisto.ttf */ = {isa = PBXFileReference; lastKnownFileType = file; path = Fontisto.ttf; sourceTree = "<group>"; };
		ECF4DFB929AA77D600CF4EC1 /* Octicons.ttf */ = {isa = PBXFileReference; lastKnownFileType = file; path = Octicons.ttf; sourceTree = "<group>"; };
		ECF4DFBA29AA77D600CF4EC1 /* Feather.ttf */ = {isa = PBXFileReference; lastKnownFileType = file; path = Feather.ttf; sourceTree = "<group>"; };
		ECF4DFBB29AA77D600CF4EC1 /* Entypo.ttf */ = {isa = PBXFileReference; lastKnownFileType = file; path = Entypo.ttf; sourceTree = "<group>"; };
		ECF4DFBC29AA77D600CF4EC1 /* FontAwesome5_Brands.ttf */ = {isa = PBXFileReference; lastKnownFileType = file; path = FontAwesome5_Brands.ttf; sourceTree = "<group>"; };
		ECF4DFBD29AA77D600CF4EC1 /* MaterialCommunityIcons.ttf */ = {isa = PBXFileReference; lastKnownFileType = file; path = MaterialCommunityIcons.ttf; sourceTree = "<group>"; };
		ECF4DFBE29AA77D600CF4EC1 /* AntDesign.ttf */ = {isa = PBXFileReference; lastKnownFileType = file; path = AntDesign.ttf; sourceTree = "<group>"; };
		ECF4DFBF29AA77D600CF4EC1 /* Foundation.ttf */ = {isa = PBXFileReference; lastKnownFileType = file; path = Foundation.ttf; sourceTree = "<group>"; };
		ECF4DFC029AA77D600CF4EC1 /* Ionicons.ttf */ = {isa = PBXFileReference; lastKnownFileType = file; path = Ionicons.ttf; sourceTree = "<group>"; };
		ECF4DFC129AA77D600CF4EC1 /* FontAwesome5_Solid.ttf */ = {isa = PBXFileReference; lastKnownFileType = file; path = FontAwesome5_Solid.ttf; sourceTree = "<group>"; };
		ECF4DFC229AA77D600CF4EC1 /* FontAwesome5_Regular.ttf */ = {isa = PBXFileReference; lastKnownFileType = file; path = FontAwesome5_Regular.ttf; sourceTree = "<group>"; };
		ECF4DFC329AA77D600CF4EC1 /* FontAwesome.ttf */ = {isa = PBXFileReference; lastKnownFileType = file; path = FontAwesome.ttf; sourceTree = "<group>"; };
		ECF4DFC429AA77D600CF4EC1 /* Zocial.ttf */ = {isa = PBXFileReference; lastKnownFileType = file; path = Zocial.ttf; sourceTree = "<group>"; };
		ECF4DFC529AA77D600CF4EC1 /* EvilIcons.ttf */ = {isa = PBXFileReference; lastKnownFileType = file; path = EvilIcons.ttf; sourceTree = "<group>"; };
		ECF4DFC629AA77D600CF4EC1 /* SimpleLineIcons.ttf */ = {isa = PBXFileReference; lastKnownFileType = file; path = SimpleLineIcons.ttf; sourceTree = "<group>"; };
		ECF4DFC729AA77D600CF4EC1 /* MaterialIcons.ttf */ = {isa = PBXFileReference; lastKnownFileType = file; path = MaterialIcons.ttf; sourceTree = "<group>"; };
		ED297162215061F000B7C4FE /* JavaScriptCore.framework */ = {isa = PBXFileReference; lastKnownFileType = wrapper.framework; name = JavaScriptCore.framework; path = System/Library/Frameworks/JavaScriptCore.framework; sourceTree = SDKROOT; };
		582CA282C92B4104AD368376 /* 8-Bit Madness.ttf */ = {isa = PBXFileReference; name = "8-Bit Madness.ttf"; path = "../assets/fonts/8-Bit Madness.ttf"; sourceTree = "<group>"; fileEncoding = undefined; lastKnownFileType = unknown; explicitFileType = undefined; includeInIndex = 0; };
		6CEB51BC7AB04DAB9810BB29 /* BitMap.ttf */ = {isa = PBXFileReference; name = "BitMap.ttf"; path = "../assets/fonts/BitMap.ttf"; sourceTree = "<group>"; fileEncoding = undefined; lastKnownFileType = unknown; explicitFileType = undefined; includeInIndex = 0; };
		53C56DA06CDE44D4A1740129 /* Intellecta Digital.ttf */ = {isa = PBXFileReference; name = "Intellecta Digital.ttf"; path = "../assets/fonts/Intellecta Digital.ttf"; sourceTree = "<group>"; fileEncoding = undefined; lastKnownFileType = unknown; explicitFileType = undefined; includeInIndex = 0; };
		DF2763EB6964423D9876F3F4 /* Josefin Sans.ttf */ = {isa = PBXFileReference; name = "Josefin Sans.ttf"; path = "../assets/fonts/Josefin Sans.ttf"; sourceTree = "<group>"; fileEncoding = undefined; lastKnownFileType = unknown; explicitFileType = undefined; includeInIndex = 0; };
		8E6927B0D7B84E4AA977DA8C /* LCDDot TR.ttf */ = {isa = PBXFileReference; name = "LCDDot TR.ttf"; path = "../assets/fonts/LCDDot TR.ttf"; sourceTree = "<group>"; fileEncoding = undefined; lastKnownFileType = unknown; explicitFileType = undefined; includeInIndex = 0; };
		F7CBCB41B8FD4200BA7C6AB3 /* LED Dot-Matrix.ttf */ = {isa = PBXFileReference; name = "LED Dot-Matrix.ttf"; path = "../assets/fonts/LED Dot-Matrix.ttf"; sourceTree = "<group>"; fileEncoding = undefined; lastKnownFileType = unknown; explicitFileType = undefined; includeInIndex = 0; };
		CEAF464EC3A44904A3A2E5B7 /* Open 24 Display St.ttf */ = {isa = PBXFileReference; name = "Open 24 Display St.ttf"; path = "../assets/fonts/Open 24 Display St.ttf"; sourceTree = "<group>"; fileEncoding = undefined; lastKnownFileType = unknown; explicitFileType = undefined; includeInIndex = 0; };
		6A91FFCA4851457A8DED7DD4 /* kg-second-chances.ketch.ttf */ = {isa = PBXFileReference; name = "kg-second-chances.ketch.ttf"; path = "../assets/fonts/kg-second-chances.ketch.ttf"; sourceTree = "<group>"; fileEncoding = undefined; lastKnownFileType = unknown; explicitFileType = undefined; includeInIndex = 0; };
		7C4B885A59AA4415A87DCB17 /* kg-second-chances.olid.ttf */ = {isa = PBXFileReference; name = "kg-second-chances.olid.ttf"; path = "../assets/fonts/kg-second-chances.olid.ttf"; sourceTree = "<group>"; fileEncoding = undefined; lastKnownFileType = unknown; explicitFileType = undefined; includeInIndex = 0; };
		546C5CCA15574965A4538E36 /* Edge Of The Galaxy.otf */ = {isa = PBXFileReference; name = "Edge Of The Galaxy.otf"; path = "../assets/fonts/Edge Of The Galaxy.otf"; sourceTree = "<group>"; fileEncoding = undefined; lastKnownFileType = unknown; explicitFileType = undefined; includeInIndex = 0; };
		0BF561D43F634ECEBCAA3E42 /* Library 3 AM Soft.otf */ = {isa = PBXFileReference; name = "Library 3 AM Soft.otf"; path = "../assets/fonts/Library 3 AM Soft.otf"; sourceTree = "<group>"; fileEncoding = undefined; lastKnownFileType = unknown; explicitFileType = undefined; includeInIndex = 0; };
		93A42E4A175D459E96C68E11 /* Neoneon.otf */ = {isa = PBXFileReference; name = "Neoneon.otf"; path = "../assets/fonts/Neoneon.otf"; sourceTree = "<group>"; fileEncoding = undefined; lastKnownFileType = unknown; explicitFileType = undefined; includeInIndex = 0; };
		AD689DF859AB4202A19C162E /* Siti Maesaroh.otf */ = {isa = PBXFileReference; name = "Siti Maesaroh.otf"; path = "../assets/fonts/Siti Maesaroh.otf"; sourceTree = "<group>"; fileEncoding = undefined; lastKnownFileType = unknown; explicitFileType = undefined; includeInIndex = 0; };
		0C6F881871384BBC984BFFF3 /* VFD Hypernova.otf */ = {isa = PBXFileReference; name = "VFD Hypernova.otf"; path = "../assets/fonts/VFD Hypernova.otf"; sourceTree = "<group>"; fileEncoding = undefined; lastKnownFileType = unknown; explicitFileType = undefined; includeInIndex = 0; };
		EB24BF55787F4F3F83952FCD /* Znikomitno25.otf */ = {isa = PBXFileReference; name = "Znikomitno25.otf"; path = "../assets/fonts/Znikomitno25.otf"; sourceTree = "<group>"; fileEncoding = undefined; lastKnownFileType = unknown; explicitFileType = undefined; includeInIndex = 0; };
		21B4343193E345A3B81EBB63 /* 2Peas 4th of July.ttf */ = {isa = PBXFileReference; name = "2Peas 4th of July.ttf"; path = "../assets/fonts/2Peas 4th of July.ttf"; sourceTree = "<group>"; fileEncoding = undefined; lastKnownFileType = unknown; explicitFileType = undefined; includeInIndex = 0; };
		B93A4B8C85DE417C86B8E445 /* 3D Isometric.ttf */ = {isa = PBXFileReference; name = "3D Isometric.ttf"; path = "../assets/fonts/3D Isometric.ttf"; sourceTree = "<group>"; fileEncoding = undefined; lastKnownFileType = unknown; explicitFileType = undefined; includeInIndex = 0; };
		E63F87A053CE42A7A2D6AC76 /* Amadeus.ttf */ = {isa = PBXFileReference; name = "Amadeus.ttf"; path = "../assets/fonts/Amadeus.ttf"; sourceTree = "<group>"; fileEncoding = undefined; lastKnownFileType = unknown; explicitFileType = undefined; includeInIndex = 0; };
		6D0BC5BA259F4034AD134B27 /* AristotelianNBP.ttf */ = {isa = PBXFileReference; name = "AristotelianNBP.ttf"; path = "../assets/fonts/AristotelianNBP.ttf"; sourceTree = "<group>"; fileEncoding = undefined; lastKnownFileType = unknown; explicitFileType = undefined; includeInIndex = 0; };
		3CC8E99C7DC1436F89E38BB3 /* Brewsky.ttf */ = {isa = PBXFileReference; name = "Brewsky.ttf"; path = "../assets/fonts/Brewsky.ttf"; sourceTree = "<group>"; fileEncoding = undefined; lastKnownFileType = unknown; explicitFileType = undefined; includeInIndex = 0; };
		71B0426534884BE58AF457DC /* Cute Aurora.ttf */ = {isa = PBXFileReference; name = "Cute Aurora.ttf"; path = "../assets/fonts/Cute Aurora.ttf"; sourceTree = "<group>"; fileEncoding = undefined; lastKnownFileType = unknown; explicitFileType = undefined; includeInIndex = 0; };
		2EC9865D8BDE44A193FBBF94 /* Dreamland Stars.ttf */ = {isa = PBXFileReference; name = "Dreamland Stars.ttf"; path = "../assets/fonts/Dreamland Stars.ttf"; sourceTree = "<group>"; fileEncoding = undefined; lastKnownFileType = unknown; explicitFileType = undefined; includeInIndex = 0; };
		8B6E586E8F894FBB907F659C /* Dreamland.ttf */ = {isa = PBXFileReference; name = "Dreamland.ttf"; path = "../assets/fonts/Dreamland.ttf"; sourceTree = "<group>"; fileEncoding = undefined; lastKnownFileType = unknown; explicitFileType = undefined; includeInIndex = 0; };
		EDB797C063B348E0A6D9C11F /* E1234.ttf */ = {isa = PBXFileReference; name = "E1234.ttf"; path = "../assets/fonts/E1234.ttf"; sourceTree = "<group>"; fileEncoding = undefined; lastKnownFileType = unknown; explicitFileType = undefined; includeInIndex = 0; };
		A40C4FD7585C4A4C9C8B6814 /* Erbos Draco 1st Open NBP.ttf */ = {isa = PBXFileReference; name = "Erbos Draco 1st Open NBP.ttf"; path = "../assets/fonts/Erbos Draco 1st Open NBP.ttf"; sourceTree = "<group>"; fileEncoding = undefined; lastKnownFileType = unknown; explicitFileType = undefined; includeInIndex = 0; };
		0A03BF934E8840EC9A078448 /* Help Me.ttf */ = {isa = PBXFileReference; name = "Help Me.ttf"; path = "../assets/fonts/Help Me.ttf"; sourceTree = "<group>"; fileEncoding = undefined; lastKnownFileType = unknown; explicitFileType = undefined; includeInIndex = 0; };
		E05A3D0ECDA046A1A13DB93D /* Hexcore.ttf */ = {isa = PBXFileReference; name = "Hexcore.ttf"; path = "../assets/fonts/Hexcore.ttf"; sourceTree = "<group>"; fileEncoding = undefined; lastKnownFileType = unknown; explicitFileType = undefined; includeInIndex = 0; };
		E431F117413E4643A4784F1D /* Killen.ttf */ = {isa = PBXFileReference; name = "Killen.ttf"; path = "../assets/fonts/Killen.ttf"; sourceTree = "<group>"; fileEncoding = undefined; lastKnownFileType = unknown; explicitFileType = undefined; includeInIndex = 0; };
		1FBAC844BC194817BCAD078E /* NBP Readout.ttf */ = {isa = PBXFileReference; name = "NBP Readout.ttf"; path = "../assets/fonts/NBP Readout.ttf"; sourceTree = "<group>"; fileEncoding = undefined; lastKnownFileType = unknown; explicitFileType = undefined; includeInIndex = 0; };
		394A48B20B534F9B9EEF947C /* Neon Sans.ttf */ = {isa = PBXFileReference; name = "Neon Sans.ttf"; path = "../assets/fonts/Neon Sans.ttf"; sourceTree = "<group>"; fileEncoding = undefined; lastKnownFileType = unknown; explicitFileType = undefined; includeInIndex = 0; };
		E4294BDD0C014695A8A3786A /* New Walt Disney Ui.ttf */ = {isa = PBXFileReference; name = "New Walt Disney Ui.ttf"; path = "../assets/fonts/New Walt Disney Ui.ttf"; sourceTree = "<group>"; fileEncoding = undefined; lastKnownFileType = unknown; explicitFileType = undefined; includeInIndex = 0; };
		C54E431490A34106BC28BEC7 /* Novem.ttf */ = {isa = PBXFileReference; name = "Novem.ttf"; path = "../assets/fonts/Novem.ttf"; sourceTree = "<group>"; fileEncoding = undefined; lastKnownFileType = unknown; explicitFileType = undefined; includeInIndex = 0; };
		E3F2BB8D941141A3A8DADD76 /* Nugo Sans.ttf */ = {isa = PBXFileReference; name = "Nugo Sans.ttf"; path = "../assets/fonts/Nugo Sans.ttf"; sourceTree = "<group>"; fileEncoding = undefined; lastKnownFileType = unknown; explicitFileType = undefined; includeInIndex = 0; };
		99F3B217CE074CEB8FC744D3 /* Parisienne.ttf */ = {isa = PBXFileReference; name = "Parisienne.ttf"; path = "../assets/fonts/Parisienne.ttf"; sourceTree = "<group>"; fileEncoding = undefined; lastKnownFileType = unknown; explicitFileType = undefined; includeInIndex = 0; };
		78BB719CFE3B44B89230B7A4 /* Rock.ttf */ = {isa = PBXFileReference; name = "Rock.ttf"; path = "../assets/fonts/Rock.ttf"; sourceTree = "<group>"; fileEncoding = undefined; lastKnownFileType = unknown; explicitFileType = undefined; includeInIndex = 0; };
		FB20462585704B16BD61850B /* RyujinAttack.ttf */ = {isa = PBXFileReference; name = "RyujinAttack.ttf"; path = "../assets/fonts/RyujinAttack.ttf"; sourceTree = "<group>"; fileEncoding = undefined; lastKnownFileType = unknown; explicitFileType = undefined; includeInIndex = 0; };
		9525C4327ACA476A9C086E87 /* Sacramento.ttf */ = {isa = PBXFileReference; name = "Sacramento.ttf"; path = "../assets/fonts/Sacramento.ttf"; sourceTree = "<group>"; fileEncoding = undefined; lastKnownFileType = unknown; explicitFileType = undefined; includeInIndex = 0; };
		CA8DA56394B04DFCB8F7303C /* Star Trek Future.ttf */ = {isa = PBXFileReference; name = "Star Trek Future.ttf"; path = "../assets/fonts/Star Trek Future.ttf"; sourceTree = "<group>"; fileEncoding = undefined; lastKnownFileType = unknown; explicitFileType = undefined; includeInIndex = 0; };
		EFA2683DEF1D490CB3566A65 /* Time Burner.ttf */ = {isa = PBXFileReference; name = "Time Burner.ttf"; path = "../assets/fonts/Time Burner.ttf"; sourceTree = "<group>"; fileEncoding = undefined; lastKnownFileType = unknown; explicitFileType = undefined; includeInIndex = 0; };
		A77D1218810C4CD0B78634F1 /* Wanders.ttf */ = {isa = PBXFileReference; name = "Wanders.ttf"; path = "../assets/fonts/Wanders.ttf"; sourceTree = "<group>"; fileEncoding = undefined; lastKnownFileType = unknown; explicitFileType = undefined; includeInIndex = 0; };
		465391B569684C73BC1038CD /* a dripping marker.ttf */ = {isa = PBXFileReference; name = "a dripping marker.ttf"; path = "../assets/fonts/a dripping marker.ttf"; sourceTree = "<group>"; fileEncoding = undefined; lastKnownFileType = unknown; explicitFileType = undefined; includeInIndex = 0; };
		17514AC2BA8E4D97A99C62AD /* moonhouse.ttf */ = {isa = PBXFileReference; name = "moonhouse.ttf"; path = "../assets/fonts/moonhouse.ttf"; sourceTree = "<group>"; fileEncoding = undefined; lastKnownFileType = unknown; explicitFileType = undefined; includeInIndex = 0; };
/* End PBXFileReference section */

/* Begin PBXFrameworksBuildPhase section */
		00E356EB1AD99517003FC87E /* Frameworks */ = {
			isa = PBXFrameworksBuildPhase;
			buildActionMask = 2147483647;
			files = (
				7699B88040F8A987B510C191 /* libPods-Monitor-MonitorTests.a in Frameworks */,
			);
			runOnlyForDeploymentPostprocessing = 0;
		};
		13B07F8C1A680F5B00A75B9A /* Frameworks */ = {
			isa = PBXFrameworksBuildPhase;
			buildActionMask = 2147483647;
			files = (
				0C80B921A6F3F58F76C31292 /* libPods-Monitor.a in Frameworks */,
			);
			runOnlyForDeploymentPostprocessing = 0;
		};
/* End PBXFrameworksBuildPhase section */

/* Begin PBXGroup section */
		00E356EF1AD99517003FC87E /* MonitorTests */ = {
			isa = PBXGroup;
			children = (
				00E356F21AD99517003FC87E /* MonitorTests.m */,
				00E356F01AD99517003FC87E /* Supporting Files */,
			);
			path = MonitorTests;
			sourceTree = "<group>";
		};
		00E356F01AD99517003FC87E /* Supporting Files */ = {
			isa = PBXGroup;
			children = (
				00E356F11AD99517003FC87E /* Info.plist */,
			);
			name = "Supporting Files";
			sourceTree = "<group>";
		};
		13B07FAE1A68108700A75B9A /* Monitor */ = {
			isa = PBXGroup;
			children = (
				13B07FAF1A68108700A75B9A /* AppDelegate.h */,
				13B07FB01A68108700A75B9A /* AppDelegate.mm */,
				13B07FB51A68108700A75B9A /* Images.xcassets */,
				13B07FB61A68108700A75B9A /* Info.plist */,
				81AB9BB72411601600AC10FF /* LaunchScreen.storyboard */,
				13B07FB71A68108700A75B9A /* main.m */,
			);
			name = Monitor;
			sourceTree = "<group>";
		};
		2D16E6871FA4F8E400B85C8A /* Frameworks */ = {
			isa = PBXGroup;
			children = (
				ED297162215061F000B7C4FE /* JavaScriptCore.framework */,
				5DCACB8F33CDC322A6C60F78 /* libPods-Monitor.a */,
				19F6CBCC0A4E27FBF8BF4A61 /* libPods-Monitor-MonitorTests.a */,
			);
			name = Frameworks;
			sourceTree = "<group>";
		};
		832341AE1AAA6A7D00B99B32 /* Libraries */ = {
			isa = PBXGroup;
			children = (
			);
			name = Libraries;
			sourceTree = "<group>";
		};
		83CBB9F61A601CBA00E9B192 = {
			isa = PBXGroup;
			children = (
				ECF4DFB729AA77D600CF4EC1 /* Fonts */,
				13B07FAE1A68108700A75B9A /* Monitor */,
				832341AE1AAA6A7D00B99B32 /* Libraries */,
				00E356EF1AD99517003FC87E /* MonitorTests */,
				83CBBA001A601CBA00E9B192 /* Products */,
				2D16E6871FA4F8E400B85C8A /* Frameworks */,
				BBD78D7AC51CEA395F1C20DB /* Pods */,
				DE43930B8F6243EFA51F60E6 /* Resources */,
			);
			indentWidth = 2;
			sourceTree = "<group>";
			tabWidth = 2;
			usesTabs = 0;
		};
		83CBBA001A601CBA00E9B192 /* Products */ = {
			isa = PBXGroup;
			children = (
				13B07F961A680F5B00A75B9A /* Monitor.app */,
				00E356EE1AD99517003FC87E /* MonitorTests.xctest */,
			);
			name = Products;
			sourceTree = "<group>";
		};
		BBD78D7AC51CEA395F1C20DB /* Pods */ = {
			isa = PBXGroup;
			children = (
				3B4392A12AC88292D35C810B /* Pods-Monitor.debug.xcconfig */,
				5709B34CF0A7D63546082F79 /* Pods-Monitor.release.xcconfig */,
				5B7EB9410499542E8C5724F5 /* Pods-Monitor-MonitorTests.debug.xcconfig */,
				89C6BE57DB24E9ADA2F236DE /* Pods-Monitor-MonitorTests.release.xcconfig */,
			);
			path = Pods;
			sourceTree = "<group>";
		};
		ECF4DFB729AA77D600CF4EC1 /* Fonts */ = {
			isa = PBXGroup;
			children = (
				EC4D87ED29B2C86E00CA2483 /* fontello.ttf */,
				ECF4DFB829AA77D600CF4EC1 /* Fontisto.ttf */,
				ECF4DFB929AA77D600CF4EC1 /* Octicons.ttf */,
				ECF4DFBA29AA77D600CF4EC1 /* Feather.ttf */,
				ECF4DFBB29AA77D600CF4EC1 /* Entypo.ttf */,
				ECF4DFBC29AA77D600CF4EC1 /* FontAwesome5_Brands.ttf */,
				ECF4DFBD29AA77D600CF4EC1 /* MaterialCommunityIcons.ttf */,
				ECF4DFBE29AA77D600CF4EC1 /* AntDesign.ttf */,
				ECF4DFBF29AA77D600CF4EC1 /* Foundation.ttf */,
				ECF4DFC029AA77D600CF4EC1 /* Ionicons.ttf */,
				ECF4DFC129AA77D600CF4EC1 /* FontAwesome5_Solid.ttf */,
				ECF4DFC229AA77D600CF4EC1 /* FontAwesome5_Regular.ttf */,
				ECF4DFC329AA77D600CF4EC1 /* FontAwesome.ttf */,
				ECF4DFC429AA77D600CF4EC1 /* Zocial.ttf */,
				ECF4DFC529AA77D600CF4EC1 /* EvilIcons.ttf */,
				ECF4DFC629AA77D600CF4EC1 /* SimpleLineIcons.ttf */,
				ECF4DFC729AA77D600CF4EC1 /* MaterialIcons.ttf */,
			);
			name = Fonts;
			path = "../node_modules/react-native-vector-icons/Fonts";
			sourceTree = "<group>";
		};
		DE43930B8F6243EFA51F60E6 /* Resources */ = {
			isa = "PBXGroup";
			children = (
				582CA282C92B4104AD368376 /* 8-Bit Madness.ttf */,
				6CEB51BC7AB04DAB9810BB29 /* BitMap.ttf */,
				53C56DA06CDE44D4A1740129 /* Intellecta Digital.ttf */,
				DF2763EB6964423D9876F3F4 /* Josefin Sans.ttf */,
				8E6927B0D7B84E4AA977DA8C /* LCDDot TR.ttf */,
				F7CBCB41B8FD4200BA7C6AB3 /* LED Dot-Matrix.ttf */,
				CEAF464EC3A44904A3A2E5B7 /* Open 24 Display St.ttf */,
				6A91FFCA4851457A8DED7DD4 /* kg-second-chances.ketch.ttf */,
				7C4B885A59AA4415A87DCB17 /* kg-second-chances.olid.ttf */,
				546C5CCA15574965A4538E36 /* Edge Of The Galaxy.otf */,
				0BF561D43F634ECEBCAA3E42 /* Library 3 AM Soft.otf */,
				93A42E4A175D459E96C68E11 /* Neoneon.otf */,
				AD689DF859AB4202A19C162E /* Siti Maesaroh.otf */,
				0C6F881871384BBC984BFFF3 /* VFD Hypernova.otf */,
				EB24BF55787F4F3F83952FCD /* Znikomitno25.otf */,
				21B4343193E345A3B81EBB63 /* 2Peas 4th of July.ttf */,
				B93A4B8C85DE417C86B8E445 /* 3D Isometric.ttf */,
				E63F87A053CE42A7A2D6AC76 /* Amadeus.ttf */,
				6D0BC5BA259F4034AD134B27 /* AristotelianNBP.ttf */,
				3CC8E99C7DC1436F89E38BB3 /* Brewsky.ttf */,
				71B0426534884BE58AF457DC /* Cute Aurora.ttf */,
				2EC9865D8BDE44A193FBBF94 /* Dreamland Stars.ttf */,
				8B6E586E8F894FBB907F659C /* Dreamland.ttf */,
				EDB797C063B348E0A6D9C11F /* E1234.ttf */,
				A40C4FD7585C4A4C9C8B6814 /* Erbos Draco 1st Open NBP.ttf */,
				0A03BF934E8840EC9A078448 /* Help Me.ttf */,
				E05A3D0ECDA046A1A13DB93D /* Hexcore.ttf */,
				E431F117413E4643A4784F1D /* Killen.ttf */,
				1FBAC844BC194817BCAD078E /* NBP Readout.ttf */,
				394A48B20B534F9B9EEF947C /* Neon Sans.ttf */,
				E4294BDD0C014695A8A3786A /* New Walt Disney Ui.ttf */,
				C54E431490A34106BC28BEC7 /* Novem.ttf */,
				E3F2BB8D941141A3A8DADD76 /* Nugo Sans.ttf */,
				99F3B217CE074CEB8FC744D3 /* Parisienne.ttf */,
				78BB719CFE3B44B89230B7A4 /* Rock.ttf */,
				FB20462585704B16BD61850B /* RyujinAttack.ttf */,
				9525C4327ACA476A9C086E87 /* Sacramento.ttf */,
				CA8DA56394B04DFCB8F7303C /* Star Trek Future.ttf */,
				EFA2683DEF1D490CB3566A65 /* Time Burner.ttf */,
				A77D1218810C4CD0B78634F1 /* Wanders.ttf */,
				465391B569684C73BC1038CD /* a dripping marker.ttf */,
				17514AC2BA8E4D97A99C62AD /* moonhouse.ttf */,
			);
			name = Resources;
			sourceTree = "<group>";
			path = "";
		};
/* End PBXGroup section */

/* Begin PBXNativeTarget section */
		00E356ED1AD99517003FC87E /* MonitorTests */ = {
			isa = PBXNativeTarget;
			buildConfigurationList = 00E357021AD99517003FC87E /* Build configuration list for PBXNativeTarget "MonitorTests" */;
			buildPhases = (
				A55EABD7B0C7F3A422A6CC61 /* [CP] Check Pods Manifest.lock */,
				00E356EA1AD99517003FC87E /* Sources */,
				00E356EB1AD99517003FC87E /* Frameworks */,
				00E356EC1AD99517003FC87E /* Resources */,
				C59DA0FBD6956966B86A3779 /* [CP] Embed Pods Frameworks */,
				F6A41C54EA430FDDC6A6ED99 /* [CP] Copy Pods Resources */,
			);
			buildRules = (
			);
			dependencies = (
				00E356F51AD99517003FC87E /* PBXTargetDependency */,
			);
			name = MonitorTests;
			productName = MonitorTests;
			productReference = 00E356EE1AD99517003FC87E /* MonitorTests.xctest */;
			productType = "com.apple.product-type.bundle.unit-test";
		};
		13B07F861A680F5B00A75B9A /* Monitor */ = {
			isa = PBXNativeTarget;
			buildConfigurationList = 13B07F931A680F5B00A75B9A /* Build configuration list for PBXNativeTarget "Monitor" */;
			buildPhases = (
				C38B50BA6285516D6DCD4F65 /* [CP] Check Pods Manifest.lock */,
				FD10A7F022414F080027D42C /* Start Packager */,
				13B07F871A680F5B00A75B9A /* Sources */,
				13B07F8C1A680F5B00A75B9A /* Frameworks */,
				00DD1BFF1BD5951E006B06BC /* Bundle React Native code and images */,
				00EEFC60759A1932668264C0 /* [CP] Embed Pods Frameworks */,
				E235C05ADACE081382539298 /* [CP] Copy Pods Resources */,
				EC4D87EF29B2CAE000CA2483 /* Resources */,
			);
			buildRules = (
			);
			dependencies = (
			);
			name = Monitor;
			productName = Monitor;
			productReference = 13B07F961A680F5B00A75B9A /* Monitor.app */;
			productType = "com.apple.product-type.application";
		};
/* End PBXNativeTarget section */

/* Begin PBXProject section */
		83CBB9F71A601CBA00E9B192 /* Project object */ = {
			isa = PBXProject;
			attributes = {
				LastUpgradeCheck = 1210;
				TargetAttributes = {
					00E356ED1AD99517003FC87E = {
						CreatedOnToolsVersion = 6.2;
						TestTargetID = 13B07F861A680F5B00A75B9A;
					};
					13B07F861A680F5B00A75B9A = {
						LastSwiftMigration = 1120;
					};
				};
			};
			buildConfigurationList = 83CBB9FA1A601CBA00E9B192 /* Build configuration list for PBXProject "Monitor" */;
			compatibilityVersion = "Xcode 12.0";
			developmentRegion = en;
			hasScannedForEncodings = 0;
			knownRegions = (
				en,
				Base,
			);
			mainGroup = 83CBB9F61A601CBA00E9B192;
			productRefGroup = 83CBBA001A601CBA00E9B192 /* Products */;
			projectDirPath = "";
			projectRoot = "";
			targets = (
				13B07F861A680F5B00A75B9A /* Monitor */,
				00E356ED1AD99517003FC87E /* MonitorTests */,
			);
		};
/* End PBXProject section */

/* Begin PBXResourcesBuildPhase section */
		00E356EC1AD99517003FC87E /* Resources */ = {
			isa = PBXResourcesBuildPhase;
			buildActionMask = 2147483647;
			files = (
				EC4D87EE29B2C86E00CA2483 /* fontello.ttf in Resources */,
			);
			runOnlyForDeploymentPostprocessing = 0;
		};
		EC4D87EF29B2CAE000CA2483 /* Resources */ = {
			isa = PBXResourcesBuildPhase;
			buildActionMask = 2147483647;
			files = (
				EC4D87F029B2CAE600CA2483 /* fontello.ttf in Resources */,
				2C2AF144F6D74878B31732EB /* 8-Bit Madness.ttf in Resources */,
				43C8643BD93948899B938E17 /* BitMap.ttf in Resources */,
				DB4B2A96910F4C67A4A03436 /* Intellecta Digital.ttf in Resources */,
				2EB3442FAD1445C589AB0228 /* Josefin Sans.ttf in Resources */,
				15D0EBE7565240C7838B339C /* LCDDot TR.ttf in Resources */,
				3DAFA0B9E6C348099359731B /* LED Dot-Matrix.ttf in Resources */,
				3C6C07AF340242CAB8A0388A /* Open 24 Display St.ttf in Resources */,
				705C4D64E33245E8A211538F /* kg-second-chances.ketch.ttf in Resources */,
				D66FDD1C263D4F93BE8E922E /* kg-second-chances.olid.ttf in Resources */,
				3AF334D8B9DE4F829085843B /* Edge Of The Galaxy.otf in Resources */,
				E10E841F955B4E6DB68F8C18 /* Library 3 AM Soft.otf in Resources */,
				031EECAE6E914BF4A2064FE2 /* Neoneon.otf in Resources */,
				F8C495F8735E4785A5319DBB /* Siti Maesaroh.otf in Resources */,
				78C86F8BAF7047F8B13943DB /* VFD Hypernova.otf in Resources */,
				7FB01D568FDD4432845A88B3 /* Znikomitno25.otf in Resources */,
				5C8067BD58754009A7B96455 /* 2Peas 4th of July.ttf in Resources */,
				150D08505AD14140A16C1128 /* 3D Isometric.ttf in Resources */,
				296F99C5540C4A9280561122 /* Amadeus.ttf in Resources */,
				8F7103EB1AAF43118D5DF323 /* AristotelianNBP.ttf in Resources */,
				6940A3D403084363A9604147 /* Brewsky.ttf in Resources */,
				5EE4DC250C44458F8B0973FC /* Cute Aurora.ttf in Resources */,
				0C812816BD98483E8668B432 /* Dreamland Stars.ttf in Resources */,
				ABAF21ADBF134095A57FD75E /* Dreamland.ttf in Resources */,
				252D7156E13149CA98F665C9 /* E1234.ttf in Resources */,
				B7A3CDDF051E411395303E81 /* Erbos Draco 1st Open NBP.ttf in Resources */,
				605D76D8F8DB451E8B491365 /* Help Me.ttf in Resources */,
				2AD22A6F546F44A79746DAF2 /* Hexcore.ttf in Resources */,
				13E8F788BC8F46A58613E691 /* Killen.ttf in Resources */,
				4F2829CDD9DA4D12BB948322 /* NBP Readout.ttf in Resources */,
				12FE9459039048E1BBF10F37 /* Neon Sans.ttf in Resources */,
				9FE3D7E4F1C849AD9C6611D4 /* New Walt Disney Ui.ttf in Resources */,
				D3CEDDEC9E6B4729BF09E561 /* Novem.ttf in Resources */,
				A267DF70349040448DAB4644 /* Nugo Sans.ttf in Resources */,
				0871CD9BED6A4992A2417129 /* Parisienne.ttf in Resources */,
				448C3DC4B5054E418FAF607A /* Rock.ttf in Resources */,
				B98066D6A2B742BF96D1097C /* RyujinAttack.ttf in Resources */,
				9C385012467D459B87E22CAF /* Sacramento.ttf in Resources */,
				B1706DFE9CC9473E8C453E46 /* Star Trek Future.ttf in Resources */,
				B4D7E63989024C1687BEFD4F /* Time Burner.ttf in Resources */,
				E2C491A1A261409D8495EE60 /* Wanders.ttf in Resources */,
				4808379E24E24195B08BC488 /* a dripping marker.ttf in Resources */,
				ED1C634750E54F689636730B /* moonhouse.ttf in Resources */,
			);
			runOnlyForDeploymentPostprocessing = 0;
		};
/* End PBXResourcesBuildPhase section */

/* Begin PBXShellScriptBuildPhase section */
		00DD1BFF1BD5951E006B06BC /* Bundle React Native code and images */ = {
			isa = PBXShellScriptBuildPhase;
			buildActionMask = 2147483647;
			files = (
			);
			inputPaths = (
				"$(SRCROOT)/.xcode.env.local",
				"$(SRCROOT)/.xcode.env",
			);
			name = "Bundle React Native code and images";
			outputPaths = (
			);
			runOnlyForDeploymentPostprocessing = 0;
			shellPath = /bin/sh;
			shellScript = "set -e\n\nWITH_ENVIRONMENT=\"../node_modules/react-native/scripts/xcode/with-environment.sh\"\nREACT_NATIVE_XCODE=\"../node_modules/react-native/scripts/react-native-xcode.sh\"\n\n/bin/sh -c \"$WITH_ENVIRONMENT $REACT_NATIVE_XCODE\"\n";
		};
		00EEFC60759A1932668264C0 /* [CP] Embed Pods Frameworks */ = {
			isa = PBXShellScriptBuildPhase;
			buildActionMask = 2147483647;
			files = (
			);
			inputFileListPaths = (
				"${PODS_ROOT}/Target Support Files/Pods-Monitor/Pods-Monitor-frameworks-${CONFIGURATION}-input-files.xcfilelist",
			);
			name = "[CP] Embed Pods Frameworks";
			outputFileListPaths = (
				"${PODS_ROOT}/Target Support Files/Pods-Monitor/Pods-Monitor-frameworks-${CONFIGURATION}-output-files.xcfilelist",
			);
			runOnlyForDeploymentPostprocessing = 0;
			shellPath = /bin/sh;
			shellScript = "\"${PODS_ROOT}/Target Support Files/Pods-Monitor/Pods-Monitor-frameworks.sh\"\n";
			showEnvVarsInLog = 0;
		};
		A55EABD7B0C7F3A422A6CC61 /* [CP] Check Pods Manifest.lock */ = {
			isa = PBXShellScriptBuildPhase;
			buildActionMask = 2147483647;
			files = (
			);
			inputFileListPaths = (
			);
			inputPaths = (
				"${PODS_PODFILE_DIR_PATH}/Podfile.lock",
				"${PODS_ROOT}/Manifest.lock",
			);
			name = "[CP] Check Pods Manifest.lock";
			outputFileListPaths = (
			);
			outputPaths = (
				"$(DERIVED_FILE_DIR)/Pods-Monitor-MonitorTests-checkManifestLockResult.txt",
			);
			runOnlyForDeploymentPostprocessing = 0;
			shellPath = /bin/sh;
			shellScript = "diff \"${PODS_PODFILE_DIR_PATH}/Podfile.lock\" \"${PODS_ROOT}/Manifest.lock\" > /dev/null\nif [ $? != 0 ] ; then\n    # print error to STDERR\n    echo \"error: The sandbox is not in sync with the Podfile.lock. Run 'pod install' or update your CocoaPods installation.\" >&2\n    exit 1\nfi\n# This output is used by Xcode 'outputs' to avoid re-running this script phase.\necho \"SUCCESS\" > \"${SCRIPT_OUTPUT_FILE_0}\"\n";
			showEnvVarsInLog = 0;
		};
		C38B50BA6285516D6DCD4F65 /* [CP] Check Pods Manifest.lock */ = {
			isa = PBXShellScriptBuildPhase;
			buildActionMask = 2147483647;
			files = (
			);
			inputFileListPaths = (
			);
			inputPaths = (
				"${PODS_PODFILE_DIR_PATH}/Podfile.lock",
				"${PODS_ROOT}/Manifest.lock",
			);
			name = "[CP] Check Pods Manifest.lock";
			outputFileListPaths = (
			);
			outputPaths = (
				"$(DERIVED_FILE_DIR)/Pods-Monitor-checkManifestLockResult.txt",
			);
			runOnlyForDeploymentPostprocessing = 0;
			shellPath = /bin/sh;
			shellScript = "diff \"${PODS_PODFILE_DIR_PATH}/Podfile.lock\" \"${PODS_ROOT}/Manifest.lock\" > /dev/null\nif [ $? != 0 ] ; then\n    # print error to STDERR\n    echo \"error: The sandbox is not in sync with the Podfile.lock. Run 'pod install' or update your CocoaPods installation.\" >&2\n    exit 1\nfi\n# This output is used by Xcode 'outputs' to avoid re-running this script phase.\necho \"SUCCESS\" > \"${SCRIPT_OUTPUT_FILE_0}\"\n";
			showEnvVarsInLog = 0;
		};
		C59DA0FBD6956966B86A3779 /* [CP] Embed Pods Frameworks */ = {
			isa = PBXShellScriptBuildPhase;
			buildActionMask = 2147483647;
			files = (
			);
			inputFileListPaths = (
				"${PODS_ROOT}/Target Support Files/Pods-Monitor-MonitorTests/Pods-Monitor-MonitorTests-frameworks-${CONFIGURATION}-input-files.xcfilelist",
			);
			name = "[CP] Embed Pods Frameworks";
			outputFileListPaths = (
				"${PODS_ROOT}/Target Support Files/Pods-Monitor-MonitorTests/Pods-Monitor-MonitorTests-frameworks-${CONFIGURATION}-output-files.xcfilelist",
			);
			runOnlyForDeploymentPostprocessing = 0;
			shellPath = /bin/sh;
			shellScript = "\"${PODS_ROOT}/Target Support Files/Pods-Monitor-MonitorTests/Pods-Monitor-MonitorTests-frameworks.sh\"\n";
			showEnvVarsInLog = 0;
		};
		E235C05ADACE081382539298 /* [CP] Copy Pods Resources */ = {
			isa = PBXShellScriptBuildPhase;
			buildActionMask = 2147483647;
			files = (
			);
			inputFileListPaths = (
				"${PODS_ROOT}/Target Support Files/Pods-Monitor/Pods-Monitor-resources-${CONFIGURATION}-input-files.xcfilelist",
			);
			name = "[CP] Copy Pods Resources";
			outputFileListPaths = (
				"${PODS_ROOT}/Target Support Files/Pods-Monitor/Pods-Monitor-resources-${CONFIGURATION}-output-files.xcfilelist",
			);
			runOnlyForDeploymentPostprocessing = 0;
			shellPath = /bin/sh;
			shellScript = "\"${PODS_ROOT}/Target Support Files/Pods-Monitor/Pods-Monitor-resources.sh\"\n";
			showEnvVarsInLog = 0;
		};
		F6A41C54EA430FDDC6A6ED99 /* [CP] Copy Pods Resources */ = {
			isa = PBXShellScriptBuildPhase;
			buildActionMask = 2147483647;
			files = (
			);
			inputFileListPaths = (
				"${PODS_ROOT}/Target Support Files/Pods-Monitor-MonitorTests/Pods-Monitor-MonitorTests-resources-${CONFIGURATION}-input-files.xcfilelist",
			);
			name = "[CP] Copy Pods Resources";
			outputFileListPaths = (
				"${PODS_ROOT}/Target Support Files/Pods-Monitor-MonitorTests/Pods-Monitor-MonitorTests-resources-${CONFIGURATION}-output-files.xcfilelist",
			);
			runOnlyForDeploymentPostprocessing = 0;
			shellPath = /bin/sh;
			shellScript = "\"${PODS_ROOT}/Target Support Files/Pods-Monitor-MonitorTests/Pods-Monitor-MonitorTests-resources.sh\"\n";
			showEnvVarsInLog = 0;
		};
		FD10A7F022414F080027D42C /* Start Packager */ = {
			isa = PBXShellScriptBuildPhase;
			buildActionMask = 2147483647;
			files = (
			);
			inputFileListPaths = (
			);
			inputPaths = (
			);
			name = "Start Packager";
			outputFileListPaths = (
			);
			outputPaths = (
			);
			runOnlyForDeploymentPostprocessing = 0;
			shellPath = /bin/sh;
			shellScript = "export RCT_METRO_PORT=\"${RCT_METRO_PORT:=8081}\"\necho \"export RCT_METRO_PORT=${RCT_METRO_PORT}\" > \"${SRCROOT}/../node_modules/react-native/scripts/.packager.env\"\nif [ -z \"${RCT_NO_LAUNCH_PACKAGER+xxx}\" ] ; then\n  if nc -w 5 -z localhost ${RCT_METRO_PORT} ; then\n    if ! curl -s \"http://localhost:${RCT_METRO_PORT}/status\" | grep -q \"packager-status:running\" ; then\n      echo \"Port ${RCT_METRO_PORT} already in use, packager is either not running or not running correctly\"\n      exit 2\n    fi\n  else\n    open \"$SRCROOT/../node_modules/react-native/scripts/launchPackager.command\" || echo \"Can't start packager automatically\"\n  fi\nfi\n";
			showEnvVarsInLog = 0;
		};
/* End PBXShellScriptBuildPhase section */

/* Begin PBXSourcesBuildPhase section */
		00E356EA1AD99517003FC87E /* Sources */ = {
			isa = PBXSourcesBuildPhase;
			buildActionMask = 2147483647;
			files = (
				00E356F31AD99517003FC87E /* MonitorTests.m in Sources */,
			);
			runOnlyForDeploymentPostprocessing = 0;
		};
		13B07F871A680F5B00A75B9A /* Sources */ = {
			isa = PBXSourcesBuildPhase;
			buildActionMask = 2147483647;
			files = (
				13B07FBC1A68108700A75B9A /* AppDelegate.mm in Sources */,
				13B07FC11A68108700A75B9A /* main.m in Sources */,
			);
			runOnlyForDeploymentPostprocessing = 0;
		};
/* End PBXSourcesBuildPhase section */

/* Begin PBXTargetDependency section */
		00E356F51AD99517003FC87E /* PBXTargetDependency */ = {
			isa = PBXTargetDependency;
			target = 13B07F861A680F5B00A75B9A /* Monitor */;
			targetProxy = 00E356F41AD99517003FC87E /* PBXContainerItemProxy */;
		};
/* End PBXTargetDependency section */

/* Begin XCBuildConfiguration section */
		00E356F61AD99517003FC87E /* Debug */ = {
			isa = XCBuildConfiguration;
			baseConfigurationReference = 5B7EB9410499542E8C5724F5 /* Pods-Monitor-MonitorTests.debug.xcconfig */;
			buildSettings = {
				BUNDLE_LOADER = "$(TEST_HOST)";
				DEVELOPMENT_TEAM = 7GLTRL32J5;
				GCC_PREPROCESSOR_DEFINITIONS = (
					"DEBUG=1",
					"$(inherited)",
				);
				INFOPLIST_FILE = MonitorTests/Info.plist;
				IPHONEOS_DEPLOYMENT_TARGET = 12.4;
				LD_RUNPATH_SEARCH_PATHS = (
					"$(inherited)",
					"@executable_path/Frameworks",
					"@loader_path/Frameworks",
				);
				OTHER_LDFLAGS = (
					"-ObjC",
					"-lc++",
					"$(inherited)",
				);
				PRODUCT_BUNDLE_IDENTIFIER = "org.reactjs.native.example.$(PRODUCT_NAME:rfc1034identifier)";
				PRODUCT_NAME = "$(TARGET_NAME)";
				TEST_HOST = "$(BUILT_PRODUCTS_DIR)/Monitor.app/Monitor";
			};
			name = Debug;
		};
		00E356F71AD99517003FC87E /* Release */ = {
			isa = XCBuildConfiguration;
			baseConfigurationReference = 89C6BE57DB24E9ADA2F236DE /* Pods-Monitor-MonitorTests.release.xcconfig */;
			buildSettings = {
				BUNDLE_LOADER = "$(TEST_HOST)";
				COPY_PHASE_STRIP = NO;
				DEVELOPMENT_TEAM = 7GLTRL32J5;
				INFOPLIST_FILE = MonitorTests/Info.plist;
				IPHONEOS_DEPLOYMENT_TARGET = 12.4;
				LD_RUNPATH_SEARCH_PATHS = (
					"$(inherited)",
					"@executable_path/Frameworks",
					"@loader_path/Frameworks",
				);
				OTHER_LDFLAGS = (
					"-ObjC",
					"-lc++",
					"$(inherited)",
				);
				PRODUCT_BUNDLE_IDENTIFIER = "org.reactjs.native.example.$(PRODUCT_NAME:rfc1034identifier)";
				PRODUCT_NAME = "$(TARGET_NAME)";
				TEST_HOST = "$(BUILT_PRODUCTS_DIR)/Monitor.app/Monitor";
			};
			name = Release;
		};
		13B07F941A680F5B00A75B9A /* Debug */ = {
			isa = XCBuildConfiguration;
			baseConfigurationReference = 3B4392A12AC88292D35C810B /* Pods-Monitor.debug.xcconfig */;
			buildSettings = {
				ASSETCATALOG_COMPILER_APPICON_NAME = AppIcon;
				CLANG_ENABLE_MODULES = YES;
				CURRENT_PROJECT_VERSION = 1;
				DEVELOPMENT_TEAM = 7GLTRL32J5;
				ENABLE_BITCODE = NO;
				INFOPLIST_FILE = Monitor/Info.plist;
				LD_RUNPATH_SEARCH_PATHS = (
					"$(inherited)",
					"@executable_path/Frameworks",
				);
				MARKETING_VERSION = 1.0;
				OTHER_LDFLAGS = (
					"$(inherited)",
					"-ObjC",
					"-lc++",
				);
				PRODUCT_BUNDLE_IDENTIFIER = "com.ghsantosdev.--PRODUCT-NAME-rfc1034identifier-";
				PRODUCT_NAME = Monitor;
				SWIFT_OPTIMIZATION_LEVEL = "-Onone";
				SWIFT_VERSION = 5.0;
				VERSIONING_SYSTEM = "apple-generic";
			};
			name = Debug;
		};
		13B07F951A680F5B00A75B9A /* Release */ = {
			isa = XCBuildConfiguration;
			baseConfigurationReference = 5709B34CF0A7D63546082F79 /* Pods-Monitor.release.xcconfig */;
			buildSettings = {
				ASSETCATALOG_COMPILER_APPICON_NAME = AppIcon;
				CLANG_ENABLE_MODULES = YES;
				CURRENT_PROJECT_VERSION = 1;
				DEVELOPMENT_TEAM = 7GLTRL32J5;
				INFOPLIST_FILE = Monitor/Info.plist;
				LD_RUNPATH_SEARCH_PATHS = (
					"$(inherited)",
					"@executable_path/Frameworks",
				);
				MARKETING_VERSION = 1.0;
				OTHER_LDFLAGS = (
					"$(inherited)",
					"-ObjC",
					"-lc++",
				);
				PRODUCT_BUNDLE_IDENTIFIER = "com.ghsantosdev.--PRODUCT-NAME-rfc1034identifier-";
				PRODUCT_NAME = Monitor;
				SWIFT_VERSION = 5.0;
				VERSIONING_SYSTEM = "apple-generic";
			};
			name = Release;
		};
		83CBBA201A601CBA00E9B192 /* Debug */ = {
			isa = XCBuildConfiguration;
			buildSettings = {
				ALWAYS_SEARCH_USER_PATHS = NO;
				CLANG_ANALYZER_LOCALIZABILITY_NONLOCALIZED = YES;
				CLANG_CXX_LANGUAGE_STANDARD = "c++17";
				CLANG_CXX_LIBRARY = "libc++";
				CLANG_ENABLE_MODULES = YES;
				CLANG_ENABLE_OBJC_ARC = YES;
				CLANG_WARN_BLOCK_CAPTURE_AUTORELEASING = YES;
				CLANG_WARN_BOOL_CONVERSION = YES;
				CLANG_WARN_COMMA = YES;
				CLANG_WARN_CONSTANT_CONVERSION = YES;
				CLANG_WARN_DEPRECATED_OBJC_IMPLEMENTATIONS = YES;
				CLANG_WARN_DIRECT_OBJC_ISA_USAGE = YES_ERROR;
				CLANG_WARN_EMPTY_BODY = YES;
				CLANG_WARN_ENUM_CONVERSION = YES;
				CLANG_WARN_INFINITE_RECURSION = YES;
				CLANG_WARN_INT_CONVERSION = YES;
				CLANG_WARN_NON_LITERAL_NULL_CONVERSION = YES;
				CLANG_WARN_OBJC_IMPLICIT_RETAIN_SELF = YES;
				CLANG_WARN_OBJC_LITERAL_CONVERSION = YES;
				CLANG_WARN_OBJC_ROOT_CLASS = YES_ERROR;
				CLANG_WARN_QUOTED_INCLUDE_IN_FRAMEWORK_HEADER = YES;
				CLANG_WARN_RANGE_LOOP_ANALYSIS = YES;
				CLANG_WARN_STRICT_PROTOTYPES = YES;
				CLANG_WARN_SUSPICIOUS_MOVE = YES;
				CLANG_WARN_UNREACHABLE_CODE = YES;
				CLANG_WARN__DUPLICATE_METHOD_MATCH = YES;
				"CODE_SIGN_IDENTITY[sdk=iphoneos*]" = "iPhone Developer";
				COPY_PHASE_STRIP = NO;
				ENABLE_STRICT_OBJC_MSGSEND = YES;
				ENABLE_TESTABILITY = YES;
				"EXCLUDED_ARCHS[sdk=iphonesimulator*]" = i386;
				GCC_C_LANGUAGE_STANDARD = gnu99;
				GCC_DYNAMIC_NO_PIC = NO;
				GCC_NO_COMMON_BLOCKS = YES;
				GCC_OPTIMIZATION_LEVEL = 0;
				GCC_PREPROCESSOR_DEFINITIONS = (
					"DEBUG=1",
					"$(inherited)",
				);
				GCC_SYMBOLS_PRIVATE_EXTERN = NO;
				GCC_WARN_64_TO_32_BIT_CONVERSION = YES;
				GCC_WARN_ABOUT_RETURN_TYPE = YES_ERROR;
				GCC_WARN_UNDECLARED_SELECTOR = YES;
				GCC_WARN_UNINITIALIZED_AUTOS = YES_AGGRESSIVE;
				GCC_WARN_UNUSED_FUNCTION = YES;
				GCC_WARN_UNUSED_VARIABLE = YES;
				IPHONEOS_DEPLOYMENT_TARGET = 12.4;
				LD_RUNPATH_SEARCH_PATHS = (
					/usr/lib/swift,
					"$(inherited)",
				);
				LIBRARY_SEARCH_PATHS = (
					"\"$(SDKROOT)/usr/lib/swift\"",
					"\"$(TOOLCHAIN_DIR)/usr/lib/swift/$(PLATFORM_NAME)\"",
					"\"$(inherited)\"",
				);
				MTL_ENABLE_DEBUG_INFO = YES;
				ONLY_ACTIVE_ARCH = YES;
				OTHER_CFLAGS = "$(inherited)";
				OTHER_CPLUSPLUSFLAGS = (
					"$(OTHER_CFLAGS)",
					"-DFOLLY_NO_CONFIG",
					"-DFOLLY_MOBILE=1",
					"-DFOLLY_USE_LIBCPP=1",
				);
				REACT_NATIVE_PATH = "${PODS_ROOT}/../../node_modules/react-native";
				SDKROOT = iphoneos;
			};
			name = Debug;
		};
		83CBBA211A601CBA00E9B192 /* Release */ = {
			isa = XCBuildConfiguration;
			buildSettings = {
				ALWAYS_SEARCH_USER_PATHS = NO;
				CLANG_ANALYZER_LOCALIZABILITY_NONLOCALIZED = YES;
				CLANG_CXX_LANGUAGE_STANDARD = "c++17";
				CLANG_CXX_LIBRARY = "libc++";
				CLANG_ENABLE_MODULES = YES;
				CLANG_ENABLE_OBJC_ARC = YES;
				CLANG_WARN_BLOCK_CAPTURE_AUTORELEASING = YES;
				CLANG_WARN_BOOL_CONVERSION = YES;
				CLANG_WARN_COMMA = YES;
				CLANG_WARN_CONSTANT_CONVERSION = YES;
				CLANG_WARN_DEPRECATED_OBJC_IMPLEMENTATIONS = YES;
				CLANG_WARN_DIRECT_OBJC_ISA_USAGE = YES_ERROR;
				CLANG_WARN_EMPTY_BODY = YES;
				CLANG_WARN_ENUM_CONVERSION = YES;
				CLANG_WARN_INFINITE_RECURSION = YES;
				CLANG_WARN_INT_CONVERSION = YES;
				CLANG_WARN_NON_LITERAL_NULL_CONVERSION = YES;
				CLANG_WARN_OBJC_IMPLICIT_RETAIN_SELF = YES;
				CLANG_WARN_OBJC_LITERAL_CONVERSION = YES;
				CLANG_WARN_OBJC_ROOT_CLASS = YES_ERROR;
				CLANG_WARN_QUOTED_INCLUDE_IN_FRAMEWORK_HEADER = YES;
				CLANG_WARN_RANGE_LOOP_ANALYSIS = YES;
				CLANG_WARN_STRICT_PROTOTYPES = YES;
				CLANG_WARN_SUSPICIOUS_MOVE = YES;
				CLANG_WARN_UNREACHABLE_CODE = YES;
				CLANG_WARN__DUPLICATE_METHOD_MATCH = YES;
				"CODE_SIGN_IDENTITY[sdk=iphoneos*]" = "iPhone Developer";
				COPY_PHASE_STRIP = YES;
				ENABLE_NS_ASSERTIONS = NO;
				ENABLE_STRICT_OBJC_MSGSEND = YES;
				"EXCLUDED_ARCHS[sdk=iphonesimulator*]" = i386;
				GCC_C_LANGUAGE_STANDARD = gnu99;
				GCC_NO_COMMON_BLOCKS = YES;
				GCC_WARN_64_TO_32_BIT_CONVERSION = YES;
				GCC_WARN_ABOUT_RETURN_TYPE = YES_ERROR;
				GCC_WARN_UNDECLARED_SELECTOR = YES;
				GCC_WARN_UNINITIALIZED_AUTOS = YES_AGGRESSIVE;
				GCC_WARN_UNUSED_FUNCTION = YES;
				GCC_WARN_UNUSED_VARIABLE = YES;
				IPHONEOS_DEPLOYMENT_TARGET = 12.4;
				LD_RUNPATH_SEARCH_PATHS = (
					/usr/lib/swift,
					"$(inherited)",
				);
				LIBRARY_SEARCH_PATHS = (
					"\"$(SDKROOT)/usr/lib/swift\"",
					"\"$(TOOLCHAIN_DIR)/usr/lib/swift/$(PLATFORM_NAME)\"",
					"\"$(inherited)\"",
				);
				MTL_ENABLE_DEBUG_INFO = NO;
				OTHER_CFLAGS = "$(inherited)";
				OTHER_CPLUSPLUSFLAGS = (
					"$(OTHER_CFLAGS)",
					"-DFOLLY_NO_CONFIG",
					"-DFOLLY_MOBILE=1",
					"-DFOLLY_USE_LIBCPP=1",
				);
				REACT_NATIVE_PATH = "${PODS_ROOT}/../../node_modules/react-native";
				SDKROOT = iphoneos;
				VALIDATE_PRODUCT = YES;
			};
			name = Release;
		};
/* End XCBuildConfiguration section */

/* Begin XCConfigurationList section */
		00E357021AD99517003FC87E /* Build configuration list for PBXNativeTarget "MonitorTests" */ = {
			isa = XCConfigurationList;
			buildConfigurations = (
				00E356F61AD99517003FC87E /* Debug */,
				00E356F71AD99517003FC87E /* Release */,
			);
			defaultConfigurationIsVisible = 0;
			defaultConfigurationName = Release;
		};
		13B07F931A680F5B00A75B9A /* Build configuration list for PBXNativeTarget "Monitor" */ = {
			isa = XCConfigurationList;
			buildConfigurations = (
				13B07F941A680F5B00A75B9A /* Debug */,
				13B07F951A680F5B00A75B9A /* Release */,
			);
			defaultConfigurationIsVisible = 0;
			defaultConfigurationName = Release;
		};
		83CBB9FA1A601CBA00E9B192 /* Build configuration list for PBXProject "Monitor" */ = {
			isa = XCConfigurationList;
			buildConfigurations = (
				83CBBA201A601CBA00E9B192 /* Debug */,
				83CBBA211A601CBA00E9B192 /* Release */,
			);
			defaultConfigurationIsVisible = 0;
			defaultConfigurationName = Release;
		};
/* End XCConfigurationList section */
	};
	rootObject = 83CBB9F71A601CBA00E9B192 /* Project object */;
}
